
Microsoft Visual Studio Solution File, Format Version 12.00
# Visual Studio Version 17
VisualStudioVersion = 17.1.32319.34
MinimumVisualStudioVersion = 10.0.40219.1
Project("{FAE04EC0-301F-11D3-BF4B-00C04F79EFBC}") = "AcousticCalculator", "AcousticCalculator\AcousticCalculator.csproj", "{45DCD9E4-B9F3-485B-B00E-E97B91AFAEE8}"
EndProject
Global
	GlobalSection(SolutionConfigurationPlatforms) = preSolution
		Debug|Any CPU = Debug|Any CPU
		Release|Any CPU = Release|Any CPU
	EndGlobalSection
	GlobalSection(ProjectConfigurationPlatforms) = postSolution
		{45DCD9E4-B9F3-485B-B00E-E97B91AFAEE8}.Debug|Any CPU.ActiveCfg = Debug|Any CPU
		{45DCD9E4-B9F3-485B-B00E-E97B91AFAEE8}.Debug|Any CPU.Build.0 = Debug|Any CPU
		{45DCD9E4-B9F3-485B-B00E-E97B91AFAEE8}.Release|Any CPU.ActiveCfg = Release|Any CPU
		{45DCD9E4-B9F3-485B-B00E-E97B91AFAEE8}.Release|Any CPU.Build.0 = Release|Any CPU
	EndGlobalSection
	GlobalSection(SolutionProperties) = preSolution
		HideSolutionNode = FALSE
	EndGlobalSection
	GlobalSection(ExtensibilityGlobals) = postSolution
		SolutionGuid = {46169B10-FAE5-413E-A392-B4B03118E1F7}
	EndGlobalSection
EndGlobal
